// !$*UTF8*$!
{
	archiveVersion = 1;
	classes = {
	};
	objectVersion = 46;
	objects = {

/* Begin PBXBuildFile section */
		5603168B1DAF96F500C04B8A /* CoreData.framework in Frameworks */ = {isa = PBXBuildFile; fileRef = 5603168A1DAF96F500C04B8A /* CoreData.framework */; };
		5603168E1DAF974000C04B8A /* HealthyDay.xcdatamodeld in Sources */ = {isa = PBXBuildFile; fileRef = 5603168C1DAF974000C04B8A /* HealthyDay.xcdatamodeld */; };
		560E1BA91D953D3600B488AE /* AppDelegate.swift in Sources */ = {isa = PBXBuildFile; fileRef = 560E1BA81D953D3600B488AE /* AppDelegate.swift */; };
		560E1BAB1D953D3600B488AE /* MainViewController.swift in Sources */ = {isa = PBXBuildFile; fileRef = 560E1BAA1D953D3600B488AE /* MainViewController.swift */; };
		560E1BAE1D953D3600B488AE /* Main.storyboard in Resources */ = {isa = PBXBuildFile; fileRef = 560E1BAC1D953D3600B488AE /* Main.storyboard */; };
		560E1BB01D953D3600B488AE /* Assets.xcassets in Resources */ = {isa = PBXBuildFile; fileRef = 560E1BAF1D953D3600B488AE /* Assets.xcassets */; };
		560E1BB31D953D3600B488AE /* LaunchScreen.storyboard in Resources */ = {isa = PBXBuildFile; fileRef = 560E1BB11D953D3600B488AE /* LaunchScreen.storyboard */; };
		560E1BBE1D953D3700B488AE /* HealthyDayTests.swift in Sources */ = {isa = PBXBuildFile; fileRef = 560E1BBD1D953D3700B488AE /* HealthyDayTests.swift */; };
		560E1BCB1D953F7F00B488AE /* HealthKit.framework in Frameworks */ = {isa = PBXBuildFile; fileRef = 560E1BCA1D953F7F00B488AE /* HealthKit.framework */; };
		56130D881D9AB4FC005334FF /* MapKit.framework in Frameworks */ = {isa = PBXBuildFile; fileRef = 56130D871D9AB4FC005334FF /* MapKit.framework */; };
		562379C51DA128C200525B7C /* MainInformationView.swift in Sources */ = {isa = PBXBuildFile; fileRef = 562379C41DA128C200525B7C /* MainInformationView.swift */; };
		562ACB301DBE4670003BC042 /* DistanceStatisticsDataManager.swift in Sources */ = {isa = PBXBuildFile; fileRef = 562ACB2F1DBE4670003BC042 /* DistanceStatisticsDataManager.swift */; };
		563E06561D98B04000B18DAE /* HealthManager.swift in Sources */ = {isa = PBXBuildFile; fileRef = 563E06551D98B04000B18DAE /* HealthManager.swift */; };
		56492F931DB65F43009CDEEB /* BottomDecorativeCurve.swift in Sources */ = {isa = PBXBuildFile; fileRef = 56492F921DB65F43009CDEEB /* BottomDecorativeCurve.swift */; };
		564F2ACC1DB9BBEE00BB3135 /* DistanceStatisticsChartView.swift in Sources */ = {isa = PBXBuildFile; fileRef = 564F2ACB1DB9BBEE00BB3135 /* DistanceStatisticsChartView.swift */; };
		564FF90B1DA6203E008AC31E /* StepRingView.swift in Sources */ = {isa = PBXBuildFile; fileRef = 564FF90A1DA6203E008AC31E /* StepRingView.swift */; };
		5655AF251DBA47CF00849A5C /* DistanceStatisticsChartBar.swift in Sources */ = {isa = PBXBuildFile; fileRef = 5655AF241DBA47CF00849A5C /* DistanceStatisticsChartBar.swift */; };
		5655AF271DBA48D600849A5C /* DistanceStatisticsChartBar.xib in Resources */ = {isa = PBXBuildFile; fileRef = 5655AF261DBA48D600849A5C /* DistanceStatisticsChartBar.xib */; };
		56629EA81D9B877000720F0A /* RunningViewController.swift in Sources */ = {isa = PBXBuildFile; fileRef = 56629EA71D9B877000720F0A /* RunningViewController.swift */; };
		56629EB71D9B8D8300720F0A /* Quick.framework in Frameworks */ = {isa = PBXBuildFile; fileRef = 56629EB61D9B8D8300720F0A /* Quick.framework */; };
		56629EB91D9B8D8900720F0A /* Nimble.framework in Frameworks */ = {isa = PBXBuildFile; fileRef = 56629EB81D9B8D8900720F0A /* Nimble.framework */; };
		56629EBA1D9B8EC200720F0A /* Nimble.framework in CopyFiles */ = {isa = PBXBuildFile; fileRef = 56629EB81D9B8D8900720F0A /* Nimble.framework */; settings = {ATTRIBUTES = (CodeSignOnCopy, RemoveHeadersOnCopy, ); }; };
		56629EBB1D9B8EC200720F0A /* Quick.framework in CopyFiles */ = {isa = PBXBuildFile; fileRef = 56629EB61D9B8D8300720F0A /* Quick.framework */; settings = {ATTRIBUTES = (CodeSignOnCopy, RemoveHeadersOnCopy, ); }; };
		56629EBD1D9BB08300720F0A /* LocationManager.swift in Sources */ = {isa = PBXBuildFile; fileRef = 56629EBC1D9BB08300720F0A /* LocationManager.swift */; };
		567595311DA36DCD00582080 /* CustomBarBtnItem.swift in Sources */ = {isa = PBXBuildFile; fileRef = 567595301DA36DCD00582080 /* CustomBarBtnItem.swift */; };
		567D07591DB63C8A001E23A6 /* DistanceStatisticsViewController.swift in Sources */ = {isa = PBXBuildFile; fileRef = 567D07581DB63C8A001E23A6 /* DistanceStatisticsViewController.swift */; };
		567E83BC1DA4D3B800BBD133 /* StartRunningButton.swift in Sources */ = {isa = PBXBuildFile; fileRef = 567E83BB1DA4D3B800BBD133 /* StartRunningButton.swift */; };
		567E83BE1DA526E800BBD133 /* DistanceWalkingRunningLabel.swift in Sources */ = {isa = PBXBuildFile; fileRef = 567E83BD1DA526E800BBD133 /* DistanceWalkingRunningLabel.swift */; };
		567E83C01DA52AEA00BBD133 /* StepCountLabel.swift in Sources */ = {isa = PBXBuildFile; fileRef = 567E83BF1DA52AEA00BBD133 /* StepCountLabel.swift */; };
		56914B6F1DAFBE6E00C6163E /* DistanceDetailTableViewCell.swift in Sources */ = {isa = PBXBuildFile; fileRef = 56914B6E1DAFBE6E00C6163E /* DistanceDetailTableViewCell.swift */; };
		5692025A1DA0F7C500D9DA33 /* StepBar.swift in Sources */ = {isa = PBXBuildFile; fileRef = 569202591DA0F7C500D9DA33 /* StepBar.swift */; };
		56B03C881DA1FB6A0071CBB4 /* StepDetailViewController.swift in Sources */ = {isa = PBXBuildFile; fileRef = 56B03C861DA1FB6A0071CBB4 /* StepDetailViewController.swift */; };
		56BC4F4C1D9FF2B80074B498 /* StepBarChartView.swift in Sources */ = {isa = PBXBuildFile; fileRef = 56BC4F4B1D9FF2B80074B498 /* StepBarChartView.swift */; };
		56D631E91D98ECE7008232FA /* Define.swift in Sources */ = {isa = PBXBuildFile; fileRef = 56D631E81D98ECE7008232FA /* Define.swift */; };
		56DDFAA11DAF28A700A71405 /* DistanceDetailViewController.swift in Sources */ = {isa = PBXBuildFile; fileRef = 56DDFAA01DAF28A700A71405 /* DistanceDetailViewController.swift */; };
		56FF26911DAA2816001E04C6 /* GPSNotationView.swift in Sources */ = {isa = PBXBuildFile; fileRef = 56FF26901DAA2816001E04C6 /* GPSNotationView.swift */; };
		56FF26931DAA3979001E04C6 /* RunningInfomationView.swift in Sources */ = {isa = PBXBuildFile; fileRef = 56FF26921DAA3979001E04C6 /* RunningInfomationView.swift */; };
		726354651DB1376200D18E52 /* StepDetailView.swift in Sources */ = {isa = PBXBuildFile; fileRef = 726354641DB1376200D18E52 /* StepDetailView.swift */; };
		726354671DB137C000D18E52 /* StepLineChart.swift in Sources */ = {isa = PBXBuildFile; fileRef = 726354661DB137C000D18E52 /* StepLineChart.swift */; };
		726354691DB137FA00D18E52 /* StepEverydayView.swift in Sources */ = {isa = PBXBuildFile; fileRef = 726354681DB137FA00D18E52 /* StepEverydayView.swift */; };
/* End PBXBuildFile section */

/* Begin PBXContainerItemProxy section */
		560E1BBA1D953D3700B488AE /* PBXContainerItemProxy */ = {
			isa = PBXContainerItemProxy;
			containerPortal = 560E1B9D1D953D3500B488AE /* Project object */;
			proxyType = 1;
			remoteGlobalIDString = 560E1BA41D953D3600B488AE;
			remoteInfo = HealthyDay;
		};
/* End PBXContainerItemProxy section */

/* Begin PBXCopyFilesBuildPhase section */
		56629EB11D9B8C4400720F0A /* CopyFiles */ = {
			isa = PBXCopyFilesBuildPhase;
			buildActionMask = 2147483647;
			dstPath = "";
			dstSubfolderSpec = 10;
			files = (
				56629EBA1D9B8EC200720F0A /* Nimble.framework in CopyFiles */,
				56629EBB1D9B8EC200720F0A /* Quick.framework in CopyFiles */,
			);
			runOnlyForDeploymentPostprocessing = 0;
		};
/* End PBXCopyFilesBuildPhase section */

/* Begin PBXFileReference section */
		5603168A1DAF96F500C04B8A /* CoreData.framework */ = {isa = PBXFileReference; lastKnownFileType = wrapper.framework; name = CoreData.framework; path = System/Library/Frameworks/CoreData.framework; sourceTree = SDKROOT; };
		5603168D1DAF974000C04B8A /* HealthyDay.xcdatamodel */ = {isa = PBXFileReference; lastKnownFileType = wrapper.xcdatamodel; path = HealthyDay.xcdatamodel; sourceTree = "<group>"; };
		560E1BA51D953D3600B488AE /* HealthyDay.app */ = {isa = PBXFileReference; explicitFileType = wrapper.application; includeInIndex = 0; path = HealthyDay.app; sourceTree = BUILT_PRODUCTS_DIR; };
		560E1BA81D953D3600B488AE /* AppDelegate.swift */ = {isa = PBXFileReference; lastKnownFileType = sourcecode.swift; path = AppDelegate.swift; sourceTree = "<group>"; };
		560E1BAA1D953D3600B488AE /* MainViewController.swift */ = {isa = PBXFileReference; lastKnownFileType = sourcecode.swift; path = MainViewController.swift; sourceTree = "<group>"; };
		560E1BAD1D953D3600B488AE /* Base */ = {isa = PBXFileReference; lastKnownFileType = file.storyboard; name = Base; path = Base.lproj/Main.storyboard; sourceTree = "<group>"; };
		560E1BAF1D953D3600B488AE /* Assets.xcassets */ = {isa = PBXFileReference; lastKnownFileType = folder.assetcatalog; path = Assets.xcassets; sourceTree = "<group>"; };
		560E1BB21D953D3600B488AE /* Base */ = {isa = PBXFileReference; lastKnownFileType = file.storyboard; name = Base; path = Base.lproj/LaunchScreen.storyboard; sourceTree = "<group>"; };
		560E1BB41D953D3600B488AE /* Info.plist */ = {isa = PBXFileReference; lastKnownFileType = text.plist.xml; path = Info.plist; sourceTree = "<group>"; };
		560E1BB91D953D3700B488AE /* HealthyDayTests.xctest */ = {isa = PBXFileReference; explicitFileType = wrapper.cfbundle; includeInIndex = 0; path = HealthyDayTests.xctest; sourceTree = BUILT_PRODUCTS_DIR; };
		560E1BBD1D953D3700B488AE /* HealthyDayTests.swift */ = {isa = PBXFileReference; lastKnownFileType = sourcecode.swift; path = HealthyDayTests.swift; sourceTree = "<group>"; };
		560E1BBF1D953D3700B488AE /* Info.plist */ = {isa = PBXFileReference; lastKnownFileType = text.plist.xml; path = Info.plist; sourceTree = "<group>"; };
		560E1BC81D953F7E00B488AE /* HealthyDay.entitlements */ = {isa = PBXFileReference; lastKnownFileType = text.plist.entitlements; path = HealthyDay.entitlements; sourceTree = "<group>"; };
		560E1BCA1D953F7F00B488AE /* HealthKit.framework */ = {isa = PBXFileReference; lastKnownFileType = wrapper.framework; name = HealthKit.framework; path = System/Library/Frameworks/HealthKit.framework; sourceTree = SDKROOT; };
		56130D871D9AB4FC005334FF /* MapKit.framework */ = {isa = PBXFileReference; lastKnownFileType = wrapper.framework; name = MapKit.framework; path = System/Library/Frameworks/MapKit.framework; sourceTree = SDKROOT; };
		562379C41DA128C200525B7C /* MainInformationView.swift */ = {isa = PBXFileReference; fileEncoding = 4; lastKnownFileType = sourcecode.swift; path = MainInformationView.swift; sourceTree = "<group>"; };
		562ACB2F1DBE4670003BC042 /* DistanceStatisticsDataManager.swift */ = {isa = PBXFileReference; fileEncoding = 4; lastKnownFileType = sourcecode.swift; path = DistanceStatisticsDataManager.swift; sourceTree = "<group>"; };
		563E06551D98B04000B18DAE /* HealthManager.swift */ = {isa = PBXFileReference; fileEncoding = 4; lastKnownFileType = sourcecode.swift; path = HealthManager.swift; sourceTree = "<group>"; };
		56492F921DB65F43009CDEEB /* BottomDecorativeCurve.swift */ = {isa = PBXFileReference; fileEncoding = 4; lastKnownFileType = sourcecode.swift; path = BottomDecorativeCurve.swift; sourceTree = "<group>"; };
		564F2ACB1DB9BBEE00BB3135 /* DistanceStatisticsChartView.swift */ = {isa = PBXFileReference; fileEncoding = 4; lastKnownFileType = sourcecode.swift; path = DistanceStatisticsChartView.swift; sourceTree = "<group>"; };
		564FF90A1DA6203E008AC31E /* StepRingView.swift */ = {isa = PBXFileReference; fileEncoding = 4; lastKnownFileType = sourcecode.swift; path = StepRingView.swift; sourceTree = "<group>"; };
		5655AF241DBA47CF00849A5C /* DistanceStatisticsChartBar.swift */ = {isa = PBXFileReference; fileEncoding = 4; lastKnownFileType = sourcecode.swift; path = DistanceStatisticsChartBar.swift; sourceTree = "<group>"; };
		5655AF261DBA48D600849A5C /* DistanceStatisticsChartBar.xib */ = {isa = PBXFileReference; fileEncoding = 4; lastKnownFileType = file.xib; path = DistanceStatisticsChartBar.xib; sourceTree = "<group>"; };
		56629EA71D9B877000720F0A /* RunningViewController.swift */ = {isa = PBXFileReference; fileEncoding = 4; lastKnownFileType = sourcecode.swift; path = RunningViewController.swift; sourceTree = "<group>"; };
		56629EB61D9B8D8300720F0A /* Quick.framework */ = {isa = PBXFileReference; lastKnownFileType = wrapper.framework; name = Quick.framework; path = Carthage/Build/iOS/Quick.framework; sourceTree = "<group>"; };
		56629EB81D9B8D8900720F0A /* Nimble.framework */ = {isa = PBXFileReference; lastKnownFileType = wrapper.framework; name = Nimble.framework; path = Carthage/Build/iOS/Nimble.framework; sourceTree = "<group>"; };
		56629EBC1D9BB08300720F0A /* LocationManager.swift */ = {isa = PBXFileReference; fileEncoding = 4; lastKnownFileType = sourcecode.swift; path = LocationManager.swift; sourceTree = "<group>"; };
		567595301DA36DCD00582080 /* CustomBarBtnItem.swift */ = {isa = PBXFileReference; fileEncoding = 4; lastKnownFileType = sourcecode.swift; path = CustomBarBtnItem.swift; sourceTree = "<group>"; };
		567D07581DB63C8A001E23A6 /* DistanceStatisticsViewController.swift */ = {isa = PBXFileReference; fileEncoding = 4; lastKnownFileType = sourcecode.swift; path = DistanceStatisticsViewController.swift; sourceTree = "<group>"; };
		567E83BB1DA4D3B800BBD133 /* StartRunningButton.swift */ = {isa = PBXFileReference; fileEncoding = 4; lastKnownFileType = sourcecode.swift; path = StartRunningButton.swift; sourceTree = "<group>"; };
		567E83BD1DA526E800BBD133 /* DistanceWalkingRunningLabel.swift */ = {isa = PBXFileReference; fileEncoding = 4; lastKnownFileType = sourcecode.swift; path = DistanceWalkingRunningLabel.swift; sourceTree = "<group>"; };
		567E83BF1DA52AEA00BBD133 /* StepCountLabel.swift */ = {isa = PBXFileReference; fileEncoding = 4; lastKnownFileType = sourcecode.swift; path = StepCountLabel.swift; sourceTree = "<group>"; };
		56914B6E1DAFBE6E00C6163E /* DistanceDetailTableViewCell.swift */ = {isa = PBXFileReference; fileEncoding = 4; lastKnownFileType = sourcecode.swift; path = DistanceDetailTableViewCell.swift; sourceTree = "<group>"; };
		569202591DA0F7C500D9DA33 /* StepBar.swift */ = {isa = PBXFileReference; fileEncoding = 4; lastKnownFileType = sourcecode.swift; path = StepBar.swift; sourceTree = "<group>"; };
		56B03C861DA1FB6A0071CBB4 /* StepDetailViewController.swift */ = {isa = PBXFileReference; fileEncoding = 4; lastKnownFileType = sourcecode.swift; path = StepDetailViewController.swift; sourceTree = "<group>"; };
		56BC4F4B1D9FF2B80074B498 /* StepBarChartView.swift */ = {isa = PBXFileReference; fileEncoding = 4; lastKnownFileType = sourcecode.swift; path = StepBarChartView.swift; sourceTree = "<group>"; };
		56D631E81D98ECE7008232FA /* Define.swift */ = {isa = PBXFileReference; fileEncoding = 4; lastKnownFileType = sourcecode.swift; path = Define.swift; sourceTree = "<group>"; };
		56DDFAA01DAF28A700A71405 /* DistanceDetailViewController.swift */ = {isa = PBXFileReference; fileEncoding = 4; lastKnownFileType = sourcecode.swift; path = DistanceDetailViewController.swift; sourceTree = "<group>"; };
		56FF26901DAA2816001E04C6 /* GPSNotationView.swift */ = {isa = PBXFileReference; fileEncoding = 4; lastKnownFileType = sourcecode.swift; path = GPSNotationView.swift; sourceTree = "<group>"; };
		56FF26921DAA3979001E04C6 /* RunningInfomationView.swift */ = {isa = PBXFileReference; fileEncoding = 4; lastKnownFileType = sourcecode.swift; path = RunningInfomationView.swift; sourceTree = "<group>"; };
		726354641DB1376200D18E52 /* StepDetailView.swift */ = {isa = PBXFileReference; fileEncoding = 4; lastKnownFileType = sourcecode.swift; path = StepDetailView.swift; sourceTree = "<group>"; };
		726354661DB137C000D18E52 /* StepLineChart.swift */ = {isa = PBXFileReference; fileEncoding = 4; lastKnownFileType = sourcecode.swift; path = StepLineChart.swift; sourceTree = "<group>"; };
		726354681DB137FA00D18E52 /* StepEverydayView.swift */ = {isa = PBXFileReference; fileEncoding = 4; lastKnownFileType = sourcecode.swift; path = StepEverydayView.swift; sourceTree = "<group>"; };
/* End PBXFileReference section */

/* Begin PBXFrameworksBuildPhase section */
		560E1BA21D953D3600B488AE /* Frameworks */ = {
			isa = PBXFrameworksBuildPhase;
			buildActionMask = 2147483647;
			files = (
				5603168B1DAF96F500C04B8A /* CoreData.framework in Frameworks */,
				56130D881D9AB4FC005334FF /* MapKit.framework in Frameworks */,
				560E1BCB1D953F7F00B488AE /* HealthKit.framework in Frameworks */,
			);
			runOnlyForDeploymentPostprocessing = 0;
		};
		560E1BB61D953D3700B488AE /* Frameworks */ = {
			isa = PBXFrameworksBuildPhase;
			buildActionMask = 2147483647;
			files = (
				56629EB71D9B8D8300720F0A /* Quick.framework in Frameworks */,
				56629EB91D9B8D8900720F0A /* Nimble.framework in Frameworks */,
			);
			runOnlyForDeploymentPostprocessing = 0;
		};
/* End PBXFrameworksBuildPhase section */

/* Begin PBXGroup section */
		560E1B9C1D953D3500B488AE = {
			isa = PBXGroup;
			children = (
				560E1BA71D953D3600B488AE /* HealthyDay */,
				560E1BBC1D953D3700B488AE /* HealthyDayTests */,
				560E1BA61D953D3600B488AE /* Products */,
				560E1BC91D953F7F00B488AE /* Frameworks */,
			);
			sourceTree = "<group>";
		};
		560E1BA61D953D3600B488AE /* Products */ = {
			isa = PBXGroup;
			children = (
				560E1BA51D953D3600B488AE /* HealthyDay.app */,
				560E1BB91D953D3700B488AE /* HealthyDayTests.xctest */,
			);
			name = Products;
			sourceTree = "<group>";
		};
		560E1BA71D953D3600B488AE /* HealthyDay */ = {
			isa = PBXGroup;
			children = (
				562379C81DA1291D00525B7C /* MainViewController */,
				562379C71DA1290700525B7C /* RunningViewController */,
				56914B701DAFC89500C6163E /* DistanceDetailViewController */,
				726354631DB1370D00D18E52 /* StepDetailViewController */,
				562379C61DA128E000525B7C /* Helper */,
				56492EDC1D960CA3007C3510 /* Support */,
				56D631E81D98ECE7008232FA /* Define.swift */,
			);
			path = HealthyDay;
			sourceTree = "<group>";
		};
		560E1BBC1D953D3700B488AE /* HealthyDayTests */ = {
			isa = PBXGroup;
			children = (
				560E1BBD1D953D3700B488AE /* HealthyDayTests.swift */,
				560E1BBF1D953D3700B488AE /* Info.plist */,
			);
			path = HealthyDayTests;
			sourceTree = "<group>";
		};
		560E1BC91D953F7F00B488AE /* Frameworks */ = {
			isa = PBXGroup;
			children = (
				5603168A1DAF96F500C04B8A /* CoreData.framework */,
				56629EB81D9B8D8900720F0A /* Nimble.framework */,
				56629EB61D9B8D8300720F0A /* Quick.framework */,
				56130D871D9AB4FC005334FF /* MapKit.framework */,
				560E1BCA1D953F7F00B488AE /* HealthKit.framework */,
			);
			name = Frameworks;
			sourceTree = "<group>";
		};
		562379C61DA128E000525B7C /* Helper */ = {
			isa = PBXGroup;
			children = (
				56629EBC1D9BB08300720F0A /* LocationManager.swift */,
				563E06551D98B04000B18DAE /* HealthManager.swift */,
			);
			name = Helper;
			sourceTree = "<group>";
		};
		562379C71DA1290700525B7C /* RunningViewController */ = {
			isa = PBXGroup;
			children = (
				56629EA71D9B877000720F0A /* RunningViewController.swift */,
				56FF26901DAA2816001E04C6 /* GPSNotationView.swift */,
				56FF26921DAA3979001E04C6 /* RunningInfomationView.swift */,
			);
			name = RunningViewController;
			sourceTree = "<group>";
		};
		562379C81DA1291D00525B7C /* MainViewController */ = {
			isa = PBXGroup;
			children = (
				560E1BAA1D953D3600B488AE /* MainViewController.swift */,
				567E83C11DA52BE600BBD133 /* MainInfoView */,
				564FF90C1DA6A41D008AC31E /* StepBarChart */,
				564FF90D1DA6A42E008AC31E /* BarItem */,
			);
			name = MainViewController;
			sourceTree = "<group>";
		};
		56492EDC1D960CA3007C3510 /* Support */ = {
			isa = PBXGroup;
			children = (
				560E1BAC1D953D3600B488AE /* Main.storyboard */,
				5603168C1DAF974000C04B8A /* HealthyDay.xcdatamodeld */,
				560E1BAF1D953D3600B488AE /* Assets.xcassets */,
				560E1BB11D953D3600B488AE /* LaunchScreen.storyboard */,
				560E1BC81D953F7E00B488AE /* HealthyDay.entitlements */,
				560E1BA81D953D3600B488AE /* AppDelegate.swift */,
				560E1BB41D953D3600B488AE /* Info.plist */,
			);
			name = Support;
			sourceTree = "<group>";
		};
		564F2ACA1DB9BBB700BB3135 /* DistanceStatisticsViewController */ = {
			isa = PBXGroup;
			children = (
				567D07581DB63C8A001E23A6 /* DistanceStatisticsViewController.swift */,
				564F2ACB1DB9BBEE00BB3135 /* DistanceStatisticsChartView.swift */,
				5655AF241DBA47CF00849A5C /* DistanceStatisticsChartBar.swift */,
				5655AF261DBA48D600849A5C /* DistanceStatisticsChartBar.xib */,
				562ACB2F1DBE4670003BC042 /* DistanceStatisticsDataManager.swift */,
			);
			name = DistanceStatisticsViewController;
			sourceTree = "<group>";
		};
		564FF90C1DA6A41D008AC31E /* StepBarChart */ = {
			isa = PBXGroup;
			children = (
				56BC4F4B1D9FF2B80074B498 /* StepBarChartView.swift */,
				569202591DA0F7C500D9DA33 /* StepBar.swift */,
			);
			name = StepBarChart;
			sourceTree = "<group>";
		};
		564FF90D1DA6A42E008AC31E /* BarItem */ = {
			isa = PBXGroup;
			children = (
				567595301DA36DCD00582080 /* CustomBarBtnItem.swift */,
				567E83BB1DA4D3B800BBD133 /* StartRunningButton.swift */,
			);
			name = BarItem;
			sourceTree = "<group>";
		};
		567E83C11DA52BE600BBD133 /* MainInfoView */ = {
			isa = PBXGroup;
			children = (
				562379C41DA128C200525B7C /* MainInformationView.swift */,
				567E83BD1DA526E800BBD133 /* DistanceWalkingRunningLabel.swift */,
				567E83BF1DA52AEA00BBD133 /* StepCountLabel.swift */,
				564FF90A1DA6203E008AC31E /* StepRingView.swift */,
				56492F921DB65F43009CDEEB /* BottomDecorativeCurve.swift */,
			);
			name = MainInfoView;
			sourceTree = "<group>";
		};
		56914B701DAFC89500C6163E /* DistanceDetailViewController */ = {
			isa = PBXGroup;
			children = (
				56DDFAA01DAF28A700A71405 /* DistanceDetailViewController.swift */,
				56914B6E1DAFBE6E00C6163E /* DistanceDetailTableViewCell.swift */,
				564F2ACA1DB9BBB700BB3135 /* DistanceStatisticsViewController */,
			);
			name = DistanceDetailViewController;
			sourceTree = "<group>";
		};
		726354631DB1370D00D18E52 /* StepDetailViewController */ = {
			isa = PBXGroup;
			children = (
				56B03C861DA1FB6A0071CBB4 /* StepDetailViewController.swift */,
				726354641DB1376200D18E52 /* StepDetailView.swift */,
				726354661DB137C000D18E52 /* StepLineChart.swift */,
				726354681DB137FA00D18E52 /* StepEverydayView.swift */,
			);
			name = StepDetailViewController;
			sourceTree = "<group>";
		};
/* End PBXGroup section */

/* Begin PBXNativeTarget section */
		560E1BA41D953D3600B488AE /* HealthyDay */ = {
			isa = PBXNativeTarget;
			buildConfigurationList = 560E1BC21D953D3700B488AE /* Build configuration list for PBXNativeTarget "HealthyDay" */;
			buildPhases = (
				560E1BA11D953D3600B488AE /* Sources */,
				560E1BA21D953D3600B488AE /* Frameworks */,
				560E1BA31D953D3600B488AE /* Resources */,
			);
			buildRules = (
			);
			dependencies = (
			);
			name = HealthyDay;
			productName = HealthyDay;
			productReference = 560E1BA51D953D3600B488AE /* HealthyDay.app */;
			productType = "com.apple.product-type.application";
		};
		560E1BB81D953D3700B488AE /* HealthyDayTests */ = {
			isa = PBXNativeTarget;
			buildConfigurationList = 560E1BC51D953D3700B488AE /* Build configuration list for PBXNativeTarget "HealthyDayTests" */;
			buildPhases = (
				560E1BB51D953D3700B488AE /* Sources */,
				560E1BB61D953D3700B488AE /* Frameworks */,
				560E1BB71D953D3700B488AE /* Resources */,
				56629EB11D9B8C4400720F0A /* CopyFiles */,
			);
			buildRules = (
			);
			dependencies = (
				560E1BBB1D953D3700B488AE /* PBXTargetDependency */,
			);
			name = HealthyDayTests;
			productName = HealthyDayTests;
			productReference = 560E1BB91D953D3700B488AE /* HealthyDayTests.xctest */;
			productType = "com.apple.product-type.bundle.unit-test";
		};
/* End PBXNativeTarget section */

/* Begin PBXProject section */
		560E1B9D1D953D3500B488AE /* Project object */ = {
			isa = PBXProject;
			attributes = {
				LastSwiftUpdateCheck = 0800;
				LastUpgradeCheck = 0800;
				ORGANIZATIONNAME = Linsw;
				TargetAttributes = {
					560E1BA41D953D3600B488AE = {
						CreatedOnToolsVersion = 8.0;
						DevelopmentTeam = 4F6NMKB449;
						ProvisioningStyle = Automatic;
						SystemCapabilities = {
							com.apple.BackgroundModes = {
								enabled = 1;
							};
							com.apple.HealthKit = {
								enabled = 1;
							};
							com.apple.Maps.iOS = {
								enabled = 1;
							};
						};
					};
					560E1BB81D953D3700B488AE = {
						CreatedOnToolsVersion = 8.0;
						DevelopmentTeam = 4F6NMKB449;
						ProvisioningStyle = Automatic;
						TestTargetID = 560E1BA41D953D3600B488AE;
					};
				};
			};
			buildConfigurationList = 560E1BA01D953D3600B488AE /* Build configuration list for PBXProject "HealthyDay" */;
			compatibilityVersion = "Xcode 3.2";
			developmentRegion = English;
			hasScannedForEncodings = 0;
			knownRegions = (
				en,
				Base,
			);
			mainGroup = 560E1B9C1D953D3500B488AE;
			productRefGroup = 560E1BA61D953D3600B488AE /* Products */;
			projectDirPath = "";
			projectRoot = "";
			targets = (
				560E1BA41D953D3600B488AE /* HealthyDay */,
				560E1BB81D953D3700B488AE /* HealthyDayTests */,
			);
		};
/* End PBXProject section */

/* Begin PBXResourcesBuildPhase section */
		560E1BA31D953D3600B488AE /* Resources */ = {
			isa = PBXResourcesBuildPhase;
			buildActionMask = 2147483647;
			files = (
				5655AF271DBA48D600849A5C /* DistanceStatisticsChartBar.xib in Resources */,
				560E1BB31D953D3600B488AE /* LaunchScreen.storyboard in Resources */,
				560E1BB01D953D3600B488AE /* Assets.xcassets in Resources */,
				560E1BAE1D953D3600B488AE /* Main.storyboard in Resources */,
			);
			runOnlyForDeploymentPostprocessing = 0;
		};
		560E1BB71D953D3700B488AE /* Resources */ = {
			isa = PBXResourcesBuildPhase;
			buildActionMask = 2147483647;
			files = (
			);
			runOnlyForDeploymentPostprocessing = 0;
		};
/* End PBXResourcesBuildPhase section */

/* Begin PBXSourcesBuildPhase section */
		560E1BA11D953D3600B488AE /* Sources */ = {
			isa = PBXSourcesBuildPhase;
			buildActionMask = 2147483647;
			files = (
				564FF90B1DA6203E008AC31E /* StepRingView.swift in Sources */,
				726354651DB1376200D18E52 /* StepDetailView.swift in Sources */,
				726354671DB137C000D18E52 /* StepLineChart.swift in Sources */,
				56FF26911DAA2816001E04C6 /* GPSNotationView.swift in Sources */,
				56FF26931DAA3979001E04C6 /* RunningInfomationView.swift in Sources */,
				56914B6F1DAFBE6E00C6163E /* DistanceDetailTableViewCell.swift in Sources */,
				560E1BAB1D953D3600B488AE /* MainViewController.swift in Sources */,
				5692025A1DA0F7C500D9DA33 /* StepBar.swift in Sources */,
				567E83BC1DA4D3B800BBD133 /* StartRunningButton.swift in Sources */,
				562ACB301DBE4670003BC042 /* DistanceStatisticsDataManager.swift in Sources */,
				5603168E1DAF974000C04B8A /* HealthyDay.xcdatamodeld in Sources */,
				567595311DA36DCD00582080 /* CustomBarBtnItem.swift in Sources */,
				56629EA81D9B877000720F0A /* RunningViewController.swift in Sources */,
				56492F931DB65F43009CDEEB /* BottomDecorativeCurve.swift in Sources */,
				56DDFAA11DAF28A700A71405 /* DistanceDetailViewController.swift in Sources */,
				5655AF251DBA47CF00849A5C /* DistanceStatisticsChartBar.swift in Sources */,
				567E83BE1DA526E800BBD133 /* DistanceWalkingRunningLabel.swift in Sources */,
				567D07591DB63C8A001E23A6 /* DistanceStatisticsViewController.swift in Sources */,
				56B03C881DA1FB6A0071CBB4 /* StepDetailViewController.swift in Sources */,
				564F2ACC1DB9BBEE00BB3135 /* DistanceStatisticsChartView.swift in Sources */,
				562379C51DA128C200525B7C /* MainInformationView.swift in Sources */,
				56629EBD1D9BB08300720F0A /* LocationManager.swift in Sources */,
				56BC4F4C1D9FF2B80074B498 /* StepBarChartView.swift in Sources */,
				567E83C01DA52AEA00BBD133 /* StepCountLabel.swift in Sources */,
				563E06561D98B04000B18DAE /* HealthManager.swift in Sources */,
				56D631E91D98ECE7008232FA /* Define.swift in Sources */,
				726354691DB137FA00D18E52 /* StepEverydayView.swift in Sources */,
				560E1BA91D953D3600B488AE /* AppDelegate.swift in Sources */,
			);
			runOnlyForDeploymentPostprocessing = 0;
		};
		560E1BB51D953D3700B488AE /* Sources */ = {
			isa = PBXSourcesBuildPhase;
			buildActionMask = 2147483647;
			files = (
				560E1BBE1D953D3700B488AE /* HealthyDayTests.swift in Sources */,
			);
			runOnlyForDeploymentPostprocessing = 0;
		};
/* End PBXSourcesBuildPhase section */

/* Begin PBXTargetDependency section */
		560E1BBB1D953D3700B488AE /* PBXTargetDependency */ = {
			isa = PBXTargetDependency;
			target = 560E1BA41D953D3600B488AE /* HealthyDay */;
			targetProxy = 560E1BBA1D953D3700B488AE /* PBXContainerItemProxy */;
		};
/* End PBXTargetDependency section */

/* Begin PBXVariantGroup section */
		560E1BAC1D953D3600B488AE /* Main.storyboard */ = {
			isa = PBXVariantGroup;
			children = (
				560E1BAD1D953D3600B488AE /* Base */,
			);
			name = Main.storyboard;
			sourceTree = "<group>";
		};
		560E1BB11D953D3600B488AE /* LaunchScreen.storyboard */ = {
			isa = PBXVariantGroup;
			children = (
				560E1BB21D953D3600B488AE /* Base */,
			);
			name = LaunchScreen.storyboard;
			sourceTree = "<group>";
		};
/* End PBXVariantGroup section */

/* Begin XCBuildConfiguration section */
		560E1BC01D953D3700B488AE /* Debug */ = {
			isa = XCBuildConfiguration;
			buildSettings = {
				ALWAYS_SEARCH_USER_PATHS = NO;
				CLANG_ANALYZER_NONNULL = YES;
				CLANG_CXX_LANGUAGE_STANDARD = "gnu++0x";
				CLANG_CXX_LIBRARY = "libc++";
				CLANG_ENABLE_MODULES = YES;
				CLANG_ENABLE_OBJC_ARC = YES;
				CLANG_WARN_BOOL_CONVERSION = YES;
				CLANG_WARN_CONSTANT_CONVERSION = YES;
				CLANG_WARN_DIRECT_OBJC_ISA_USAGE = YES_ERROR;
				CLANG_WARN_DOCUMENTATION_COMMENTS = YES;
				CLANG_WARN_EMPTY_BODY = YES;
				CLANG_WARN_ENUM_CONVERSION = YES;
				CLANG_WARN_INFINITE_RECURSION = YES;
				CLANG_WARN_INT_CONVERSION = YES;
				CLANG_WARN_OBJC_ROOT_CLASS = YES_ERROR;
				CLANG_WARN_SUSPICIOUS_MOVES = YES;
				CLANG_WARN_UNREACHABLE_CODE = YES;
				CLANG_WARN__DUPLICATE_METHOD_MATCH = YES;
				"CODE_SIGN_IDENTITY[sdk=iphoneos*]" = "iPhone Developer";
				COPY_PHASE_STRIP = NO;
				DEBUG_INFORMATION_FORMAT = dwarf;
				ENABLE_STRICT_OBJC_MSGSEND = YES;
				ENABLE_TESTABILITY = YES;
				GCC_C_LANGUAGE_STANDARD = gnu99;
				GCC_DYNAMIC_NO_PIC = NO;
				GCC_NO_COMMON_BLOCKS = YES;
				GCC_OPTIMIZATION_LEVEL = 0;
				GCC_PREPROCESSOR_DEFINITIONS = (
					"DEBUG=1",
					"$(inherited)",
				);
				GCC_WARN_64_TO_32_BIT_CONVERSION = YES;
				GCC_WARN_ABOUT_RETURN_TYPE = YES_ERROR;
				GCC_WARN_UNDECLARED_SELECTOR = YES;
				GCC_WARN_UNINITIALIZED_AUTOS = YES_AGGRESSIVE;
				GCC_WARN_UNUSED_FUNCTION = YES;
				GCC_WARN_UNUSED_VARIABLE = YES;
				IPHONEOS_DEPLOYMENT_TARGET = 10.0;
				MTL_ENABLE_DEBUG_INFO = YES;
				ONLY_ACTIVE_ARCH = YES;
				SDKROOT = iphoneos;
				SWIFT_ACTIVE_COMPILATION_CONDITIONS = DEBUG;
				SWIFT_OPTIMIZATION_LEVEL = "-Onone";
			};
			name = Debug;
		};
		560E1BC11D953D3700B488AE /* Release */ = {
			isa = XCBuildConfiguration;
			buildSettings = {
				ALWAYS_SEARCH_USER_PATHS = NO;
				CLANG_ANALYZER_NONNULL = YES;
				CLANG_CXX_LANGUAGE_STANDARD = "gnu++0x";
				CLANG_CXX_LIBRARY = "libc++";
				CLANG_ENABLE_MODULES = YES;
				CLANG_ENABLE_OBJC_ARC = YES;
				CLANG_WARN_BOOL_CONVERSION = YES;
				CLANG_WARN_CONSTANT_CONVERSION = YES;
				CLANG_WARN_DIRECT_OBJC_ISA_USAGE = YES_ERROR;
				CLANG_WARN_DOCUMENTATION_COMMENTS = YES;
				CLANG_WARN_EMPTY_BODY = YES;
				CLANG_WARN_ENUM_CONVERSION = YES;
				CLANG_WARN_INFINITE_RECURSION = YES;
				CLANG_WARN_INT_CONVERSION = YES;
				CLANG_WARN_OBJC_ROOT_CLASS = YES_ERROR;
				CLANG_WARN_SUSPICIOUS_MOVES = YES;
				CLANG_WARN_UNREACHABLE_CODE = YES;
				CLANG_WARN__DUPLICATE_METHOD_MATCH = YES;
				"CODE_SIGN_IDENTITY[sdk=iphoneos*]" = "iPhone Developer";
				COPY_PHASE_STRIP = NO;
				DEBUG_INFORMATION_FORMAT = "dwarf-with-dsym";
				ENABLE_NS_ASSERTIONS = NO;
				ENABLE_STRICT_OBJC_MSGSEND = YES;
				GCC_C_LANGUAGE_STANDARD = gnu99;
				GCC_NO_COMMON_BLOCKS = YES;
				GCC_WARN_64_TO_32_BIT_CONVERSION = YES;
				GCC_WARN_ABOUT_RETURN_TYPE = YES_ERROR;
				GCC_WARN_UNDECLARED_SELECTOR = YES;
				GCC_WARN_UNINITIALIZED_AUTOS = YES_AGGRESSIVE;
				GCC_WARN_UNUSED_FUNCTION = YES;
				GCC_WARN_UNUSED_VARIABLE = YES;
				IPHONEOS_DEPLOYMENT_TARGET = 10.0;
				MTL_ENABLE_DEBUG_INFO = NO;
				SDKROOT = iphoneos;
				SWIFT_OPTIMIZATION_LEVEL = "-Owholemodule";
				VALIDATE_PRODUCT = YES;
			};
			name = Release;
		};
		560E1BC31D953D3700B488AE /* Debug */ = {
			isa = XCBuildConfiguration;
			buildSettings = {
				ASSETCATALOG_COMPILER_APPICON_NAME = AppIcon;
				CODE_SIGN_ENTITLEMENTS = HealthyDay/HealthyDay.entitlements;
				DEVELOPMENT_TEAM = 4F6NMKB449;
				FRAMEWORK_SEARCH_PATHS = (
					"$(inherited)",
					"$(PROJECT_DIR)/Carthage/Build/iOS",
				);
				INFOPLIST_FILE = HealthyDay/Info.plist;
				LD_RUNPATH_SEARCH_PATHS = "$(inherited) @executable_path/Frameworks";
				PRODUCT_BUNDLE_IDENTIFIER = lsw.self.HealthyDay;
				PRODUCT_NAME = "$(TARGET_NAME)";
				SWIFT_VERSION = 3.0;
			};
			name = Debug;
		};
		560E1BC41D953D3700B488AE /* Release */ = {
			isa = XCBuildConfiguration;
			buildSettings = {
				ASSETCATALOG_COMPILER_APPICON_NAME = AppIcon;
				CODE_SIGN_ENTITLEMENTS = HealthyDay/HealthyDay.entitlements;
				DEVELOPMENT_TEAM = 4F6NMKB449;
				FRAMEWORK_SEARCH_PATHS = (
					"$(inherited)",
					"$(PROJECT_DIR)/Carthage/Build/iOS",
				);
				INFOPLIST_FILE = HealthyDay/Info.plist;
				LD_RUNPATH_SEARCH_PATHS = "$(inherited) @executable_path/Frameworks";
				PRODUCT_BUNDLE_IDENTIFIER = lsw.self.HealthyDay;
				PRODUCT_NAME = "$(TARGET_NAME)";
				SWIFT_VERSION = 3.0;
			};
			name = Release;
		};
		560E1BC61D953D3700B488AE /* Debug */ = {
			isa = XCBuildConfiguration;
			buildSettings = {
				ALWAYS_EMBED_SWIFT_STANDARD_LIBRARIES = YES;
				BUNDLE_LOADER = "$(TEST_HOST)";
				DEVELOPMENT_TEAM = 4F6NMKB449;
				FRAMEWORK_SEARCH_PATHS = (
					"$(inherited)",
					"$(PROJECT_DIR)/Carthage/Build/iOS",
				);
				INFOPLIST_FILE = HealthyDayTests/Info.plist;
				LD_RUNPATH_SEARCH_PATHS = "$(inherited) @executable_path/Frameworks @loader_path/Frameworks";
				PRODUCT_BUNDLE_IDENTIFIER = lsw.self.HealthyDayTests;
				PRODUCT_NAME = "$(TARGET_NAME)";
				SWIFT_VERSION = 3.0;
				TEST_HOST = "$(BUILT_PRODUCTS_DIR)/HealthyDay.app/HealthyDay";
			};
			name = Debug;
		};
		560E1BC71D953D3700B488AE /* Release */ = {
			isa = XCBuildConfiguration;
			buildSettings = {
				ALWAYS_EMBED_SWIFT_STANDARD_LIBRARIES = YES;
				BUNDLE_LOADER = "$(TEST_HOST)";
				DEVELOPMENT_TEAM = 4F6NMKB449;
				FRAMEWORK_SEARCH_PATHS = (
					"$(inherited)",
					"$(PROJECT_DIR)/Carthage/Build/iOS",
				);
				INFOPLIST_FILE = HealthyDayTests/Info.plist;
				LD_RUNPATH_SEARCH_PATHS = "$(inherited) @executable_path/Frameworks @loader_path/Frameworks";
				PRODUCT_BUNDLE_IDENTIFIER = lsw.self.HealthyDayTests;
				PRODUCT_NAME = "$(TARGET_NAME)";
				SWIFT_VERSION = 3.0;
				TEST_HOST = "$(BUILT_PRODUCTS_DIR)/HealthyDay.app/HealthyDay";
			};
			name = Release;
		};
/* End XCBuildConfiguration section */

/* Begin XCConfigurationList section */
		560E1BA01D953D3600B488AE /* Build configuration list for PBXProject "HealthyDay" */ = {
			isa = XCConfigurationList;
			buildConfigurations = (
				560E1BC01D953D3700B488AE /* Debug */,
				560E1BC11D953D3700B488AE /* Release */,
			);
			defaultConfigurationIsVisible = 0;
			defaultConfigurationName = Release;
		};
		560E1BC21D953D3700B488AE /* Build configuration list for PBXNativeTarget "HealthyDay" */ = {
			isa = XCConfigurationList;
			buildConfigurations = (
				560E1BC31D953D3700B488AE /* Debug */,
				560E1BC41D953D3700B488AE /* Release */,
			);
			defaultConfigurationIsVisible = 0;
			defaultConfigurationName = Release;
		};
		560E1BC51D953D3700B488AE /* Build configuration list for PBXNativeTarget "HealthyDayTests" */ = {
			isa = XCConfigurationList;
			buildConfigurations = (
				560E1BC61D953D3700B488AE /* Debug */,
				560E1BC71D953D3700B488AE /* Release */,
			);
			defaultConfigurationIsVisible = 0;
			defaultConfigurationName = Release;
		};
/* End XCConfigurationList section */

/* Begin XCVersionGroup section */
		5603168C1DAF974000C04B8A /* HealthyDay.xcdatamodeld */ = {
			isa = XCVersionGroup;
			children = (
				5603168D1DAF974000C04B8A /* HealthyDay.xcdatamodel */,
			);
			currentVersion = 5603168D1DAF974000C04B8A /* HealthyDay.xcdatamodel */;
			path = HealthyDay.xcdatamodeld;
			sourceTree = "<group>";
			versionGroupType = wrapper.xcdatamodel;
		};
/* End XCVersionGroup section */
	};
	rootObject = 560E1B9D1D953D3500B488AE /* Project object */;
}
